github.com/crhntr/txtarfmt v0.0.3 h1:md+rcVbmNGvb3guHvkrtUpCx3Fdvn1aeDfO+p9QLd3M=
github.com/crhntr/txtarfmt v0.0.3/go.mod h1:gbXTHDJOIByGPykOLRQCVjBxVjYezrU6gE6i0BQZ/zw=
github.com/crhntr/txtarfmt v0.0.4 h1:CFWO3z8iFTmMtCmZXM/YQ+VlNO363CaivZxNNfbke4M=
github.com/crhntr/txtarfmt v0.0.4/go.mod h1:9xigpoPA2d55iwXQbyKMLzUjH7oKAtOlPAazpn6bvME=
github.com/crhntr/txtarfmt v0.0.7 h1:V1lmZ4PjmJvGAYdcP0YyTgUn3yfdCD6JNnwjWeT9bpw=
github.com/crhntr/txtarfmt v0.0.7/go.mod h1:6u3aUxZPnX1sYYxQE1nCRiQx802nucrcN4vToyuepco=
golang.org/x/mod v0.22.0 h1:D4nJWe9zXqHOmWqj4VMOJhvzj7bEZg4wEYa759z1pH4=
golang.org/x/mod v0.22.0/go.mod h1:6SkKJ3Xj0I0BrPOZoBy3bdMptDDU9oJrpohJ3eWZ1fY=
golang.org/x/mod v0.23.0 h1:Zb7khfcRGKk+kqfxFaP5tZqCnDZMjC5VtUBs87Hr6QM=
golang.org/x/mod v0.23.0/go.mod h1:6SkKJ3Xj0I0BrPOZoBy3bdMptDDU9oJrpohJ3eWZ1fY=
golang.org/x/mod v0.24.0 h1:ZfthKaKaT4NrhGVZHO1/WDTwGES4De8KtWO0SIbNJMU=
golang.org/x/mod v0.24.0/go.mod h1:IXM97Txy2VM4PJ3gI61r1YEk/gAj6zAHN3AdZt6S9Ww=
golang.org/x/tools v0.28.0 h1:WuB6qZ4RPCQo5aP3WdKZS7i595EdWqWR8vqJTlwTVK8=
golang.org/x/tools v0.28.0/go.mod h1:dcIOrVd3mfQKTgrDVQHqCPMWy6lnhfhtX3hLXYVLfRw=
golang.org/x/tools v0.29.0 h1:Xx0h3TtM9rzQpQuR4dKLrdglAmCEN5Oi+P74JdhdzXE=
golang.org/x/tools v0.29.0/go.mod h1:KMQVMRsVxU6nHCFXrBPhDB8XncLNLM0lIy/F14RP588=
golang.org/x/tools v0.31.0 h1:0EedkvKDbh+qistFTd0Bcwe/YLh4vHwWEkiI0toFIBU=
golang.org/x/tools v0.31.0/go.mod h1:naFTU+Cev749tSJRXJlna0T3WxKvb1kWEx15xA4SdmQ=
golang.org/x/tools v0.33.0 h1:4qz2S3zmRxbGIhDIAgjxvFutSvH5EfnsYrRBj0UI0bc=
golang.org/x/tools v0.33.0/go.mod h1:CIJMaWEY88juyUfo7UbgPqbC8rU2OqfAV1h2Qp0oMYI=
